{
  "name": "meff-is-type",
  "version": "1.0.0",
  "lockfileVersion": 1,
  "requires": true,
  "dependencies": {
    "typescript": {
      "version": "3.9.3",
      "resolved": "http://192.168.110.26:8088/repository/npm-group/typescript/-/typescript-3.9.3.tgz",
      "integrity": "sha1-06yIg6l8JhOeQt9ek+7s4z1hC4o=",
      "dev": true
    }
  }
}
